
Microsoft Visual Studio Solution File, Format Version 12.00
# Visual Studio Version 16
VisualStudioVersion = 16.0.31112.23
MinimumVisualStudioVersion = 10.0.40219.1
Project("{FAE04EC0-301F-11D3-BF4B-00C04F79EFBC}") = "Third Practical Midterm Test", "Third Practical Midterm Test\Third Practical Midterm Test.csproj", "{55DFAC81-2DD0-4E98-BD66-FECB7E46B638}"
EndProject
Global
	GlobalSection(SolutionConfigurationPlatforms) = preSolution
		Debug|Any CPU = Debug|Any CPU
		Release|Any CPU = Release|Any CPU
	EndGlobalSection
	GlobalSection(ProjectConfigurationPlatforms) = postSolution
		{55DFAC81-2DD0-4E98-BD66-FECB7E46B638}.Debug|Any CPU.ActiveCfg = Debug|Any CPU
		{55DFAC81-2DD0-4E98-BD66-FECB7E46B638}.Debug|Any CPU.Build.0 = Debug|Any CPU
		{55DFAC81-2DD0-4E98-BD66-FECB7E46B638}.Release|Any CPU.ActiveCfg = Release|Any CPU
		{55DFAC81-2DD0-4E98-BD66-FECB7E46B638}.Release|Any CPU.Build.0 = Release|Any CPU
	EndGlobalSection
	GlobalSection(SolutionProperties) = preSolution
		HideSolutionNode = FALSE
	EndGlobalSection
	GlobalSection(ExtensibilityGlobals) = postSolution
		SolutionGuid = {8263019F-8AB7-4B34-9C5C-FAE323754790}
	EndGlobalSection
EndGlobal
